
Microsoft Visual Studio Solution File, Format Version 12.00
# Visual Studio Version 17
VisualStudioVersion = 17.3.32922.545
MinimumVisualStudioVersion = 10.0.40219.1
Project("{FAE04EC0-301F-11D3-BF4B-00C04F79EFBC}") = "SfDatagridDemo", "SfDatagridDemo\SfDatagridDemo.csproj", "{99A85163-E55E-4123-8981-E23545B8580E}"
EndProject
Global
	GlobalSection(SolutionConfigurationPlatforms) = preSolution
		Debug|Any CPU = Debug|Any CPU
		Debug-Xml|Any CPU = Debug-Xml|Any CPU
		Release|Any CPU = Release|Any CPU
		Release-Xml|Any CPU = Release-Xml|Any CPU
	EndGlobalSection
	GlobalSection(ProjectConfigurationPlatforms) = postSolution
		{99A85163-E55E-4123-8981-E23545B8580E}.Debug|Any CPU.ActiveCfg = Debug|Any CPU
		{99A85163-E55E-4123-8981-E23545B8580E}.Debug|Any CPU.Build.0 = Debug|Any CPU
		{99A85163-E55E-4123-8981-E23545B8580E}.Debug-Xml|Any CPU.ActiveCfg = Debug|Any CPU
		{99A85163-E55E-4123-8981-E23545B8580E}.Debug-Xml|Any CPU.Build.0 = Debug|Any CPU
		{99A85163-E55E-4123-8981-E23545B8580E}.Release|Any CPU.ActiveCfg = Release|Any CPU
		{99A85163-E55E-4123-8981-E23545B8580E}.Release|Any CPU.Build.0 = Release|Any CPU
		{99A85163-E55E-4123-8981-E23545B8580E}.Release-Xml|Any CPU.ActiveCfg = Release|Any CPU
		{99A85163-E55E-4123-8981-E23545B8580E}.Release-Xml|Any CPU.Build.0 = Release|Any CPU
	EndGlobalSection
	GlobalSection(SolutionProperties) = preSolution
		HideSolutionNode = FALSE
	EndGlobalSection
	GlobalSection(ExtensibilityGlobals) = postSolution
		SolutionGuid = {E943C4E4-600F-4348-8CE2-6AA90A0A6684}
	EndGlobalSection
EndGlobal
